
Microsoft Visual Studio Solution File, Format Version 12.00
# Visual Studio Version 16
VisualStudioVersion = 16.0.29709.97
MinimumVisualStudioVersion = 10.0.40219.1
Project("{8BC9CEB8-8B4A-11D0-8D11-00A0C91BC942}") = "OsrVmSampleMgmt", "OsrVmSampleMgmt\OsrVmSampleMgmt.vcxproj", "{8FB43B30-B7A4-4D2A-967A-A08801BFB3E1}"
EndProject
Project("{8BC9CEB8-8B4A-11D0-8D11-00A0C91BC942}") = "blockdevice", "blockdevice\blockdevice.vcxproj", "{743AB467-E022-4C0D-B89B-FA2F55AE169A}"
EndProject
Global
	GlobalSection(SolutionConfigurationPlatforms) = preSolution
		Debug|ARM = Debug|ARM
		Debug|ARM64 = Debug|ARM64
		Debug|x64 = Debug|x64
		Release|ARM = Release|ARM
		Release|ARM64 = Release|ARM64
		Release|x64 = Release|x64
		Template|ARM = Template|ARM
		Template|ARM64 = Template|ARM64
		Template|x64 = Template|x64
	EndGlobalSection
	GlobalSection(ProjectConfigurationPlatforms) = postSolution
		{8FB43B30-B7A4-4D2A-967A-A08801BFB3E1}.Debug|ARM.ActiveCfg = Debug|ARM
		{8FB43B30-B7A4-4D2A-967A-A08801BFB3E1}.Debug|ARM.Build.0 = Debug|ARM
		{8FB43B30-B7A4-4D2A-967A-A08801BFB3E1}.Debug|ARM64.ActiveCfg = Debug|ARM64
		{8FB43B30-B7A4-4D2A-967A-A08801BFB3E1}.Debug|ARM64.Build.0 = Debug|ARM64
		{8FB43B30-B7A4-4D2A-967A-A08801BFB3E1}.Debug|x64.ActiveCfg = Debug|x64
		{8FB43B30-B7A4-4D2A-967A-A08801BFB3E1}.Release|ARM.ActiveCfg = Release|ARM
		{8FB43B30-B7A4-4D2A-967A-A08801BFB3E1}.Release|ARM.Build.0 = Release|ARM
		{8FB43B30-B7A4-4D2A-967A-A08801BFB3E1}.Release|ARM64.ActiveCfg = Release|ARM64
		{8FB43B30-B7A4-4D2A-967A-A08801BFB3E1}.Release|ARM64.Build.0 = Release|ARM64
		{8FB43B30-B7A4-4D2A-967A-A08801BFB3E1}.Release|x64.ActiveCfg = Release|x64
		{8FB43B30-B7A4-4D2A-967A-A08801BFB3E1}.Release|x64.Build.0 = Release|x64
		{8FB43B30-B7A4-4D2A-967A-A08801BFB3E1}.Template|ARM.ActiveCfg = Template|ARM
		{8FB43B30-B7A4-4D2A-967A-A08801BFB3E1}.Template|ARM.Build.0 = Template|ARM
		{8FB43B30-B7A4-4D2A-967A-A08801BFB3E1}.Template|ARM64.ActiveCfg = Template|ARM64
		{8FB43B30-B7A4-4D2A-967A-A08801BFB3E1}.Template|ARM64.Build.0 = Template|ARM64
		{8FB43B30-B7A4-4D2A-967A-A08801BFB3E1}.Template|x64.ActiveCfg = Template|x64
		{8FB43B30-B7A4-4D2A-967A-A08801BFB3E1}.Template|x64.Build.0 = Template|x64
		{743AB467-E022-4C0D-B89B-FA2F55AE169A}.Debug|ARM.ActiveCfg = Debug|ARM
		{743AB467-E022-4C0D-B89B-FA2F55AE169A}.Debug|ARM.Build.0 = Debug|ARM
		{743AB467-E022-4C0D-B89B-FA2F55AE169A}.Debug|ARM.Deploy.0 = Debug|ARM
		{743AB467-E022-4C0D-B89B-FA2F55AE169A}.Debug|ARM64.ActiveCfg = Debug|ARM64
		{743AB467-E022-4C0D-B89B-FA2F55AE169A}.Debug|ARM64.Build.0 = Debug|ARM64
		{743AB467-E022-4C0D-B89B-FA2F55AE169A}.Debug|ARM64.Deploy.0 = Debug|ARM64
		{743AB467-E022-4C0D-B89B-FA2F55AE169A}.Debug|x64.ActiveCfg = Debug|x64
		{743AB467-E022-4C0D-B89B-FA2F55AE169A}.Debug|x64.Build.0 = Debug|x64
		{743AB467-E022-4C0D-B89B-FA2F55AE169A}.Debug|x64.Deploy.0 = Debug|x64
		{743AB467-E022-4C0D-B89B-FA2F55AE169A}.Release|ARM.ActiveCfg = Release|ARM
		{743AB467-E022-4C0D-B89B-FA2F55AE169A}.Release|ARM.Build.0 = Release|ARM
		{743AB467-E022-4C0D-B89B-FA2F55AE169A}.Release|ARM.Deploy.0 = Release|ARM
		{743AB467-E022-4C0D-B89B-FA2F55AE169A}.Release|ARM64.ActiveCfg = Release|ARM64
		{743AB467-E022-4C0D-B89B-FA2F55AE169A}.Release|ARM64.Build.0 = Release|ARM64
		{743AB467-E022-4C0D-B89B-FA2F55AE169A}.Release|ARM64.Deploy.0 = Release|ARM64
		{743AB467-E022-4C0D-B89B-FA2F55AE169A}.Release|x64.ActiveCfg = Release|x64
		{743AB467-E022-4C0D-B89B-FA2F55AE169A}.Release|x64.Build.0 = Release|x64
		{743AB467-E022-4C0D-B89B-FA2F55AE169A}.Release|x64.Deploy.0 = Release|x64
		{743AB467-E022-4C0D-B89B-FA2F55AE169A}.Template|ARM.ActiveCfg = Release|ARM
		{743AB467-E022-4C0D-B89B-FA2F55AE169A}.Template|ARM.Build.0 = Release|ARM
		{743AB467-E022-4C0D-B89B-FA2F55AE169A}.Template|ARM.Deploy.0 = Release|ARM
		{743AB467-E022-4C0D-B89B-FA2F55AE169A}.Template|ARM64.ActiveCfg = Release|ARM64
		{743AB467-E022-4C0D-B89B-FA2F55AE169A}.Template|ARM64.Build.0 = Release|ARM64
		{743AB467-E022-4C0D-B89B-FA2F55AE169A}.Template|ARM64.Deploy.0 = Release|ARM64
		{743AB467-E022-4C0D-B89B-FA2F55AE169A}.Template|x64.ActiveCfg = Release|x64
		{743AB467-E022-4C0D-B89B-FA2F55AE169A}.Template|x64.Build.0 = Release|x64
		{743AB467-E022-4C0D-B89B-FA2F55AE169A}.Template|x64.Deploy.0 = Release|x64
	EndGlobalSection
	GlobalSection(SolutionProperties) = preSolution
		HideSolutionNode = FALSE
	EndGlobalSection
	GlobalSection(ExtensibilityGlobals) = postSolution
		SolutionGuid = {AF64BA3C-4763-498C-95FD-5EBBB1ED284E}
	EndGlobalSection
EndGlobal
