<?xml version="1.0" encoding="utf-8"?>
<Project ToolsVersion="4.0" xmlns="http://schemas.microsoft.com/developer/msbuild/2003">
  <ItemGroup>
    <Filter Include="Source Files">
      <UniqueIdentifier>{4FC737F1-C7A5-4376-A066-2A32D752A2FF}</UniqueIdentifier>
      <Extensions>cpp;c;cc;cxx;def;odl;idl;hpj;bat;asm;asmx</Extensions>
    </Filter>
    <Filter Include="Header Files">
      <UniqueIdentifier>{93995380-89BD-4b04-88EB-625FBE52EBFB}</UniqueIdentifier>
      <Extensions>h;hpp;hxx;hm;inl;inc;xsd</Extensions>
    </Filter>
    <Filter Include="Resource Files">
      <UniqueIdentifier>{67DA6AB6-F800-4c08-8B7A-83BB121AAD01}</UniqueIdentifier>
      <Extensions>rc;ico;cur;bmp;dlg;rc2;rct;bin;rgs;gif;jpg;jpeg;jpe;resx;tiff;tif;png;wav</Extensions>
    </Filter>
    <Filter Include="Build Files">
      <UniqueIdentifier>{fe0705f7-e2be-437d-aef1-f1a65cdd9606}</UniqueIdentifier>
    </Filter>
  </ItemGroup>
  <ItemGroup>
    <ClCompile Include="OsrVmDevice.cpp">
      <Filter>Source Files</Filter>
    </ClCompile>
    <ClCompile Include="OsrVminipt.cpp">
      <Filter>Source Files</Filter>
    </ClCompile>
    <ClCompile Include="OSRVmIoCtrl.cpp">
      <Filter>Source Files</Filter>
    </ClCompile>
    <ClCompile Include="OsrVmPnp.cpp">
      <Filter>Source Files</Filter>
    </ClCompile>
    <ClCompile Include="OsrVMScsi.cpp">
      <Filter>Source Files</Filter>
    </ClCompile>
    <ClCompile Include="OsrVmUserCallback.cpp">
      <Filter>Source Files</Filter>
    </ClCompile>
    <ClCompile Include="OsrVmUserIntf.cpp">
      <Filter>Source Files</Filter>
    </ClCompile>
    <ClCompile Include="OsrVmUserUtil.cpp">
      <Filter>Source Files</Filter>
    </ClCompile>
  </ItemGroup>
  <ItemGroup>
    <ClInclude Include="..\OsrVmSampleInc\osrspintf.h">
      <Filter>Header Files</Filter>
    </ClInclude>
    <ClInclude Include="..\OsrVmSampleInc\OsrVmCfg.h">
      <Filter>Header Files</Filter>
    </ClInclude>
    <ClInclude Include="..\OsrVmSampleInc\OsrVmdebug.h">
      <Filter>Header Files</Filter>
    </ClInclude>
    <ClInclude Include="OsrVminipt.h">
      <Filter>Header Files</Filter>
    </ClInclude>
    <ClInclude Include="..\OsrVmSampleInc\OSRVMiniPtIoctl.h">
      <Filter>Header Files</Filter>
    </ClInclude>
    <ClInclude Include="..\OsrVmSampleInc\OsrVmUserIntf.h">
      <Filter>Header Files</Filter>
    </ClInclude>
    <ClInclude Include="..\OsrVmSampleInc\OSRVMUserIoctl.h">
      <Filter>Header Files</Filter>
    </ClInclude>
    <ClInclude Include="UVmImpl.h">
      <Filter>Header Files</Filter>
    </ClInclude>
  </ItemGroup>
  <ItemGroup>
    <None Include="MAKEFILE">
      <Filter>Build Files</Filter>
    </None>
    <None Include="makefile.inc">
      <Filter>Build Files</Filter>
    </None>
    <None Include="osrSvminipt.inf">
      <Filter>Build Files</Filter>
    </None>
    <None Include="sources">
      <Filter>Build Files</Filter>
    </None>
    <None Include="readme.txt" />
  </ItemGroup>
  <ItemGroup>
    <ResourceCompile Include="osrvminipt.rc">
      <Filter>Build Files</Filter>
    </ResourceCompile>
  </ItemGroup>
</Project>