<?xml version="1.0" encoding="utf-8"?>
<Project ToolsVersion="4.0" xmlns="http://schemas.microsoft.com/developer/msbuild/2003">
  <ItemGroup>
    <Filter Include="Source Files">
      <UniqueIdentifier>{fc0b39ec-fdcd-489a-bee3-bf4027ef8330}</UniqueIdentifier>
      <Extensions>cpp;c;cxx;rc;def;r;odl;idl;hpj;bat</Extensions>
    </Filter>
    <Filter Include="Header Files">
      <UniqueIdentifier>{59e94c43-bc38-4643-bff5-c5749de91222}</UniqueIdentifier>
      <Extensions>h;hpp;hxx;hm;inl</Extensions>
    </Filter>
    <Filter Include="Resource Files">
      <UniqueIdentifier>{d21e9b3a-7b51-4e7f-a33a-aa321db4c03d}</UniqueIdentifier>
      <Extensions>ico;cur;bmp;dlg;rc2;rct;bin;rgs;gif;jpg;jpeg;jpe</Extensions>
    </Filter>
    <Filter Include="build files">
      <UniqueIdentifier>{6d480f4c-bd6d-43e1-b1d4-6b86e261d293}</UniqueIdentifier>
    </Filter>
  </ItemGroup>
  <ItemGroup>
    <ClCompile Include="AddDevice.cpp">
      <Filter>Source Files</Filter>
    </ClCompile>
    <ClCompile Include="argslib.cpp">
      <Filter>Source Files</Filter>
    </ClCompile>
    <ClCompile Include="osrspintf.cpp">
      <Filter>Source Files</Filter>
    </ClCompile>
    <ClCompile Include="OSRSPMgmt.cpp">
      <Filter>Source Files</Filter>
    </ClCompile>
    <ClCompile Include="OSRSPMgmtDlg.cpp">
      <Filter>Source Files</Filter>
    </ClCompile>
    <ClCompile Include="StdAfx.cpp">
      <Filter>Source Files</Filter>
    </ClCompile>
  </ItemGroup>
  <ItemGroup>
    <None Include="resource.hm">
      <Filter>Header Files</Filter>
    </None>
    <None Include="res\OSRSPMgmt.ico">
      <Filter>Resource Files</Filter>
    </None>
    <None Include="res\OSRSPMgmt.rc2">
      <Filter>Resource Files</Filter>
    </None>
    <None Include="res\OsrVmSampleMgmt.ico">
      <Filter>Resource Files</Filter>
    </None>
    <None Include="MAKEFILE">
      <Filter>build files</Filter>
    </None>
    <None Include="sources">
      <Filter>build files</Filter>
    </None>
    <None Include="ReadMe.txt" />
  </ItemGroup>
  <ItemGroup>
    <ResourceCompile Include="OsrVmSampleMgmt.rc">
      <Filter>Source Files</Filter>
    </ResourceCompile>
  </ItemGroup>
  <ItemGroup>
    <ClInclude Include="AddDevice.h">
      <Filter>Header Files</Filter>
    </ClInclude>
    <ClInclude Include="argslib.h">
      <Filter>Header Files</Filter>
    </ClInclude>
    <ClInclude Include="..\OsrVmSampleInc\osrspintf.h">
      <Filter>Header Files</Filter>
    </ClInclude>
    <ClInclude Include="OSRSPMgmt.h">
      <Filter>Header Files</Filter>
    </ClInclude>
    <ClInclude Include="..\OsrVmSampleInc\OsrVmCfg.h">
      <Filter>Header Files</Filter>
    </ClInclude>
    <ClInclude Include="..\OsrVmSampleInc\OsrVmdebug.h">
      <Filter>Header Files</Filter>
    </ClInclude>
    <ClInclude Include="..\OsrVmSampleInc\OSRVMiniPtIoctl.h">
      <Filter>Header Files</Filter>
    </ClInclude>
    <ClInclude Include="..\OsrVmSampleInc\OsrVmUserIntf.h">
      <Filter>Header Files</Filter>
    </ClInclude>
    <ClInclude Include="..\OsrVmSampleInc\OSRVMUserIoctl.h">
      <Filter>Header Files</Filter>
    </ClInclude>
    <ClInclude Include="..\OsrVmSampleInc\pdlb0fmt.h">
      <Filter>Header Files</Filter>
    </ClInclude>
    <ClInclude Include="StdAfx.h">
      <Filter>Header Files</Filter>
    </ClInclude>
    <ClInclude Include="TextProgressCtrl.h">
      <Filter>Header Files</Filter>
    </ClInclude>
  </ItemGroup>
  <ItemGroup>
    <CustomBuild Include="Resource.h">
      <Filter>Header Files</Filter>
    </CustomBuild>
  </ItemGroup>
</Project>